{
  "name": "kadem-frontend",
  "version": "1.0.0",
  "lockfileVersion": 3,
  "requires": true,
  "packages": {
    "": {
      "name": "kadem-frontend",
      "version": "1.0.0",
      "dependencies": {
        "@supabase/supabase-js": "^2.39.0",
        "axios": "^1.6.0",
        "react": "^18.2.0",
        "react-dom": "^18.2.0",
        "react-hot-toast": "^2.4.1",
        "react-router-dom": "^6.20.0",
        "react-scripts": "5.0.1"
      }
    },
    "node_modules/@supabase/supabase-js": {
      "version": "2.39.0",
      "resolved": "https://registry.npmjs.org/@supabase/supabase-js/-/supabase-js-2.39.0.tgz",
      "integrity": "sha512-M9bm4HvKWuUAXblp8T+4KveLNR5lqVmK+VQXVX3sUj8TLslhdYG2nH0sX0kqZjz9VRKwmhNVvJ8HCdZVvRy5A==",
      "dependencies": {
        "@supabase/gotrue-js": "^2.58.0",
        "@supabase/postgres-js": "^1.9.1",
        "@supabase/realtime-js": "^2.8.0",
        "@supabase/storage-js": "^2.5.0",
        "whatwg-url": "^14.0.0"
      }
    },
    "node_modules/@supabase/gotrue-js": {
      "version": "2.58.0",
      "resolved": "https://registry.npmjs.org/@supabase/gotrue-js/-/gotrue-js-2.58.0.tgz",
      "integrity": "sha512-X8qKkf+u0gvSUcVe3j8dKY7hQqH0hXJ3t5Z/d6xpbXRYpLi6rSVAJkVV7gF97s/BYQn+pMWrYYEYZBHEFKdUw=="
    },
    "node_modules/@supabase/postgres-js": {
      "version": "1.9.1",
      "resolved": "https://registry.npmjs.org/@supabase/postgres-js/-/postgres-js-1.9.1.tgz",
      "integrity": "sha512-/r8/M1V6L0cJ8yYTqz96NFYG8eSLgmNGCwjfGhzVJ0j0REgfKjBTz4t/0bVJJqLR5rJaFe7LXQGvnS7zxLvyA=="
    },
    "node_modules/@supabase/realtime-js": {
      "version": "2.8.0",
      "resolved": "https://registry.npmjs.org/@supabase/realtime-js/-/realtime-js-2.8.0.tgz",
      "integrity": "sha512-SWKDG5gN9pVDT6TaLGzLh+/8lqxMr45LV1v1+d6fxgd4MZxM0q5EJuI0eBwwh0HvJ1bVMiQGqFHJ9kxjlqQqA=="
    },
    "node_modules/@supabase/storage-js": {
      "version": "2.5.0",
      "resolved": "https://registry.npmjs.org/@supabase/storage-js/-/storage-js-2.5.0.tgz",
      "integrity": "sha512-7P5mJt0RIY6S5+VrQfQfODvGhQKxEbnX5vH5sLMqJP7D7L3fZkYhZMC+kL8L8s8OkWZ8J7qkm9SJzw9C6l2rKA=="
    },
    "node_modules/axios": {
      "version": "1.6.0",
      "resolved": "https://registry.npmjs.org/axios/-/axios-1.6.0.tgz",
      "integrity": "sha512-V8Z8p1QFjPFvwMD9CsDM3jR7yaSrIdar8Z/+qsRZ0q3gGrE9NOBQKe7bqM0z+PrI8DadsixfEYWu16Yst5xiaQ==",
      "dependencies": {
        "follow-redirects": "^1.9.10",
        "form-data": "^4.0.0"
      },
      "engines": {
        "node": ">=14"
      }
    },
    "node_modules/follow-redirects": {
      "version": "1.15.2",
      "resolved": "https://registry.npmjs.org/follow-redirects/-/follow-redirects-1.15.2.tgz",
      "integrity": "sha512-VQLG33o04KfGvAJvqZbtVnZbVV7QPkCitJi/gBVOdlydrsKlnQnxSE7qqUAcEa8P5XIWMsarametmqMd3e565g==",
      "engines": {
        "node": ">=4.0"
      }
    },
    "node_modules/form-data": {
      "version": "4.0.0",
      "resolved": "https://registry.npmjs.org/form-data/-/form-data-4.0.0.tgz",
      "integrity": "sha512-ETEklSGi5t0jNnh4XtjwX1YljyFH0B8z1mfn3I7HRTyYeVQV5V517eyJZ7sSJl7zyLzj36DJupqfH60qDmane==",
      "dependencies": {
        "asynckit": "^0.4.0",
        "combined-stream": "^1.0.8",
        "mime-types": "^2.1.12"
      },
      "engines": {
        "node": ">= 6"
      }
    },
    "node_modules/asynckit": {
      "version": "0.4.0",
      "resolved": "https://registry.npmjs.org/asynckit/-/asynckit-0.4.0.tgz",
      "integrity": "sha512-Oei3rpQSRYEgumaGoko4VVnt4CFt9Iio0g0BlJl+M+jVeJof7p4KCCe39Jqlow43ZPQr7LJkAMM27E39UachZaA=="
    },
    "node_modules/combined-stream": {
      "version": "1.0.8",
      "resolved": "https://registry.npmjs.org/combined-stream/-/combined-stream-1.0.8.tgz",
      "integrity": "sha512-FQN4MRfuJeHf7cH01OwsiX13zEeno8mapzufQvbuLV7Z0LYo+Z7EEL0V23I+lD51NRMvCraw+z9bL0sQsie4Ejw==",
      "dependencies": {
        "delayed-stream": "~1.0.0"
      },
      "engines": {
        "node": ">= 0.8"
      }
    },
    "node_modules/delayed-stream": {
      "version": "1.0.0",
      "resolved": "https://registry.npmjs.org/delayed-stream/-/delayed-stream-1.0.0.tgz",
      "integrity": "sha512-ZySD7Nf91aLB0CqaSRl7yJXcyymbjzKerEwVYrS+dMxwT9ysWFON7X7CUNDO/33/oHPhP8j7ky5LVSTL8gjesas==",
      "engines": {
        "node": ">=0.4.0"
      }
    },
    "node_modules/mime-types": {
      "version": "2.1.35",
      "resolved": "https://registry.npmjs.org/mime-types/-/mime-types-2.1.35.tgz",
      "integrity": "sha512-ZDY+bPm5zTTF+YpCrAO9nUjZ8pKDiN3ogKGfLuS62cd2QVtEQCv+cbf4b0Lu6i6nKCrgqywjg2DCcNQxuQ0PjA==",
      "dependencies": {
        "mime-db": "1.52.0"
      },
      "engines": {
        "node": ">= 0.6"
      }
    },
    "node_modules/mime-db": {
      "version": "1.52.0",
      "resolved": "https://registry.npmjs.org/mime-db/-/mime-db-1.52.0.tgz",
      "integrity": "sha512-sPU4uV7dYlvtWJxwqVc6vCJ3BXhrlutQWKeVxFLMB48m5nZL+ILECDE6JSUEfL86eP2Qrg5sFj7KEo3I7BaKyw=="
    },
    "node_modules/react": {
      "version": "18.2.0",
      "resolved": "https://registry.npmjs.org/react/-/react-18.2.0.tgz",
      "integrity": "sha512-/3IjMdb2cLp+8dqvCKwxPo+/E51g+7CJIs3K2eSrq00R5bO1zMCsF3DubSub+1N/8w37C+8UMzXMd1pDZ7Kyaw==",
      "dependencies": {
        "loose-envify": "^1.1.0"
      },
      "engines": {
        "node": ">=0.10.0"
      }
    },
    "node_modules/loose-envify": {
      "version": "1.4.0",
      "resolved": "https://registry.npmjs.org/loose-envify/-/loose-envify-1.4.0.tgz",
      "integrity": "sha512-lyuxPGr/Wfhrlem2CL/UcnUc1zcqypu1z9V0FfFQlOFXu5DlDvwGSnBai5QWcZFs76T8NGsGThF7otji5G5PZw==",
      "dependencies": {
        "js-tokens": "^3.0.0 || ^4.0.0"
      },
      "bin": {
        "loose-envify": "cli.js"
      }
    },
    "node_modules/js-tokens": {
      "version": "4.0.0",
      "resolved": "https://registry.npmjs.org/js-tokens/-/js-tokens-4.0.0.tgz",
      "integrity": "sha512-RdJUflcQMWQur0/gpSynK9+8MOYfEC9B4qWxUQrWvCviiOqT9V5BeZkYTg2I6gQS8N3Q5sFmathL7UIweS4QfA=="
    },
    "node_modules/react-dom": {
      "version": "18.2.0",
      "resolved": "https://registry.npmjs.org/react-dom/-/react-dom-18.2.0.tgz",
      "integrity": "sha512-6IMTriUmvsjHUjNtEDudZfuEQc02/3sr8v0rO3q1IoPzzMxkeQysvqg0GewQx8c51AwNW9PoNDBunyimbVTTxFQ==",
      "dependencies": {
        "loose-envify": "^1.1.0",
        "scheduler": "^0.23.0"
      },
      "peerDependencies": {
        "react": "^18.2.0"
      }
    },
    "node_modules/scheduler": {
      "version": "0.23.0",
      "resolved": "https://registry.npmjs.org/scheduler/-/scheduler-0.23.0.tgz",
      "integrity": "sha512-CturzjWvZLe3NeuUT+31XPERIW7DVmofjHATS1zznzj3zA2vAxQ63T5KrBQbcrQroJe34THY+2XCkqQ3DwEwQA=="
    },
    "node_modules/react-hot-toast": {
      "version": "2.4.1",
      "resolved": "https://registry.npmjs.org/react-hot-toast/-/react-hot-toast-2.4.1.tgz",
      "integrity": "sha512-VgzMd/wVAw+wPG+8HLd/CjDsKqXqRSEb8+cYb34e6xMn1rrDKvTqc1ZMvPh1p8tnFe3oCE2Ya4Z3u5f20FY0w==",
      "dependencies": {
        "goober": "^2.1.10"
      },
      "peerDependencies": {
        "react": ">=16.8.0",
        "react-dom": ">=16.8.0"
      }
    },
    "node_modules/goober": {
      "version": "2.1.13",
      "resolved": "https://registry.npmjs.org/goober/-/goober-2.1.13.tgz",
      "integrity": "sha512-jWqwXaUddVgc01Un+z4D2NM5oPqb2N7OdXiZcEIjlHZVwYPTe2UDnR7H+x9ZeRDG8kcrXrlynKEbFzríICvglw==",
      "peerDependencies": {
        "react": ">= 16.8.0"
      }
    },
    "node_modules/react-router-dom": {
      "version": "6.20.0",
      "resolved": "https://registry.npmjs.org/react-router-dom/-/react-router-dom-6.20.0.tgz",
      "integrity": "sha512-e5vUNaXVeVKf/jqnX6oN/bvqdLSpiunderBHB8umrosEW8/2nDMCWI5HnrLaB0ZyKukd1EdxkQOWZ4IB/gUhsow==",
      "dependencies": {
        "react-router": "6.20.0"
      },
      "peerDependencies": {
        "react": ">=16.8",
        "react-dom": ">=16.8"
      }
    },
    "node_modules/react-router": {
      "version": "6.20.0",
      "resolved": "https://registry.npmjs.org/react-router/-/react-router-6.20.0.tgz",
      "integrity": "sha512-W5yXM1smJ4dcMbJkdbPXYYYdxGbZo+bIwEpnHpfO7+5bJwpKJ+8U5gzwt4ZsJyQdHgLi/4RnRdHLRCGVfN/T+g==",
      "dependencies": {
        "@remix-run/router": "1.10.0"
      },
      "peerDependencies": {
        "react": ">=16.8"
      }
    },
    "node_modules/@remix-run/router": {
      "version": "1.10.0",
      "resolved": "https://registry.npmjs.org/@remix-run/router/-/router-1.10.0.tgz",
      "integrity": "sha512-Lm+fYpMfnPKQy7qQg7vnCbtZi/fezVwtXsWont0pEPyMWc+MRoE1hdAAqt8UV7 henrik4ZB94EOmduDNMYFoj5zA=="
    },
    "node_modules/react-scripts": {
      "version": "5.0.1",
      "resolved": "https://registry.npmjs.org/react-scripts/-/react-scripts-5.0.1.tgz",
      "integrity": "sha512-8VAmEm/ZaIvkX5nn6mTn2dz6R0bxISo7T1bFU2/Z7m+5NL7Y5E1oxWNH9FNkXvGMi/Xxbroadway3/2NGpuedgelw==",
      "dependencies": {
        "@babel/core": "^7.16.0",
        "@babel/jest": "^27.4.5",
        "@babel/plugin-proposal-class-properties": "^7.16.0",
        "@babel/plugin-proposal-decorators": "^7.16.4",
        "@babel/plugin-proposal-private-methods": "^7.16.0",
        "@babel/plugin-proposal-private-property-in-object": "^7.16.0",
        "@babel/preset-env": "^7.16.4",
        "@babel/preset-react": "^7.16.0",
        "@babel/preset-typescript": "^7.16.0",
        "@pmmmwh/react-refresh-webpack-plugin": "^0.5.3",
        "@svgr/webpack": "^6.1.0",
        "@testing-library/jest-dom": "^5.16.1",
        "@testing-library/react": "^12.1.2",
        "@testing-library/user-event": "^13.5.0",
        "@types/jest": "^27.4.0",
        "@types/node": "^17.0.0",
        "@types/react": "^17.0.37",
        "@types/react-dom": "^17.0.11",
        "babel-jest": "^27.4.5",
        "babel-loader": "^8.2.3",
        "babel-plugin-named-asset-import": "^0.3.8",
        "babel-preset-react-app": "^10.0.1",
        "bfj": "^7.0.2",
        "browserslist": "^4.18.1",
        "camelcase": "^6.2.1",
        "case-sensitive-paths-webpack-plugin": "^2.4.0",
        "chalk": "^4.1.2",
        "chokidar": "^3.5.2",
        "compression": "^1.7.4",
        "confusing-browser-globals": "^1.0.10",
        "connect-history-api-fallback": "^1.6.0",
        "cross-env": "^7.0.3",
        "css-loader": "^6.5.1",
        "css-minimizer-webpack-plugin": "^3.2.0",
        "dotenv": "^10.0.0",
        "dotenv-expand": "^5.1.0",
        "eslint": "^8.6.0",
        "eslint-config-react-app": "^7.0.0",
        "eslint-webpack-plugin": "^3.1.1",
        "file-loader": "^6.2.0",
        "fs-extra": "^10.0.1",
        "fsevents": "^2.3.2",
        "function-bind": "^1.1.1",
        "gzip-size": "^6.0.0",
        "html-webpack-plugin": "^5.5.0",
        "http-proxy-middleware": "^2.0.1",
        "identity-obj-proxy": "^3.0.0",
        "immer": "^9.0.7",
        "jest": "^27.4.5",
        "jest-resolve": "^27.4.5",
        "jest-watch-typeahead": "^1.0.0",
        "mini-css-extract-plugin": "^2.4.5",
        "minimatch": "^3.0.4",
        "postcss": "^8.4.5",
        "postcss-flexbugs-fixes": "^5.0.2",
        "postcss-loader": "^6.2.1",
        "postcss-normalize": "^10.0.1",
        "postcss-preset-env": "^7.0.1",
        "prompts": "^2.4.2",
        "react-app-polyfill": "^3.0.0",
        "react-refresh": "^0.11.0",
        "resolve": "^1.20.0",
        "resolve-url-loader": "^4.0.0",
        "sass-loader": "^12.4.0",
        "semver": "^7.3.5",
        "source-map-explorer": "^2.5.2",
        "string-natural-compare": "^3.0.1",
        "style-loader": "^3.3.1",
        "tailwindcss": "^3.0.7",
        "terser-webpack-plugin": "^5.2.5",
        "web-vitals": "^2.1.3",
        "webpack": "^5.64.9",
        "webpack-dev-server": "^4.6.0",
        "webpack-manifest-plugin": "^4.0.2",
        "workbox-build": "^6.4.2",
        "workbox-cli": "^6.4.2",
        "workbox-core": "^6.4.2",
        "workbox-expiration": "^6.4.2",
        "workbox-google-analytics": "^6.4.2",
        "workbox-navigation-preload": "^6.4.2",
        "workbox-precaching": "^6.4.2",
        "workbox-range-requests": "^6.4.2",
        "workbox-routing": "^6.4.2",
        "workbox-strategies": "^6.4.2",
        "workbox-streams": "^6.4.2"
      },
      "bin": {
        "react-scripts": "bin/react-scripts.js"
      },
      "engines": {
        "node": ">=14.0.0",
        "npm": ">=6.14.0",
        "yarn": ">=1.22.10"
      }
    },
    "node_modules/@babel/core": {
      "version": "7.23.5",
      "resolved": "https://registry.npmjs.org/@babel/core/-/core-7.23.5.tgz"
    }
  }
}
